
Microsoft Visual Studio Solution File, Format Version 12.00
# Visual Studio 14
VisualStudioVersion = 14.0.23107.0
MinimumVisualStudioVersion = 10.0.40219.1
Project("{FAE04EC0-301F-11D3-BF4B-00C04F79EFBC}") = "Varejo Tec", "Varejo Tec\Varejo Tec.csproj", "{01248B26-691A-4CCA-BC83-03010C5269C6}"
EndProject
Project("{FAE04EC0-301F-11D3-BF4B-00C04F79EFBC}") = "DAO", "DAO\DAO.csproj", "{0E62E0B7-07B0-415B-B897-BE6EA5CB4127}"
EndProject
Project("{FAE04EC0-301F-11D3-BF4B-00C04F79EFBC}") = "Business", "Business\Business.csproj", "{36D46B19-7A5A-4D13-88EF-1E99B8842528}"
EndProject
Project("{FAE04EC0-301F-11D3-BF4B-00C04F79EFBC}") = "Model", "Model\Model.csproj", "{F3D82B87-0C01-437B-A646-B5B536F3DAB8}"
EndProject
Project("{FAE04EC0-301F-11D3-BF4B-00C04F79EFBC}") = "Varejo Venda", "Varejo Venda\Varejo Venda.csproj", "{EC1B62FA-52F8-40DC-B590-2954F3C73DDD}"
EndProject
Global
	GlobalSection(SolutionConfigurationPlatforms) = preSolution
		Debug|Any CPU = Debug|Any CPU
		Release|Any CPU = Release|Any CPU
	EndGlobalSection
	GlobalSection(ProjectConfigurationPlatforms) = postSolution
		{01248B26-691A-4CCA-BC83-03010C5269C6}.Debug|Any CPU.ActiveCfg = Debug|Any CPU
		{01248B26-691A-4CCA-BC83-03010C5269C6}.Debug|Any CPU.Build.0 = Debug|Any CPU
		{01248B26-691A-4CCA-BC83-03010C5269C6}.Release|Any CPU.ActiveCfg = Release|Any CPU
		{01248B26-691A-4CCA-BC83-03010C5269C6}.Release|Any CPU.Build.0 = Release|Any CPU
		{0E62E0B7-07B0-415B-B897-BE6EA5CB4127}.Debug|Any CPU.ActiveCfg = Debug|Any CPU
		{0E62E0B7-07B0-415B-B897-BE6EA5CB4127}.Debug|Any CPU.Build.0 = Debug|Any CPU
		{0E62E0B7-07B0-415B-B897-BE6EA5CB4127}.Release|Any CPU.ActiveCfg = Release|Any CPU
		{0E62E0B7-07B0-415B-B897-BE6EA5CB4127}.Release|Any CPU.Build.0 = Release|Any CPU
		{36D46B19-7A5A-4D13-88EF-1E99B8842528}.Debug|Any CPU.ActiveCfg = Debug|Any CPU
		{36D46B19-7A5A-4D13-88EF-1E99B8842528}.Debug|Any CPU.Build.0 = Debug|Any CPU
		{36D46B19-7A5A-4D13-88EF-1E99B8842528}.Release|Any CPU.ActiveCfg = Release|Any CPU
		{36D46B19-7A5A-4D13-88EF-1E99B8842528}.Release|Any CPU.Build.0 = Release|Any CPU
		{F3D82B87-0C01-437B-A646-B5B536F3DAB8}.Debug|Any CPU.ActiveCfg = Debug|Any CPU
		{F3D82B87-0C01-437B-A646-B5B536F3DAB8}.Debug|Any CPU.Build.0 = Debug|Any CPU
		{F3D82B87-0C01-437B-A646-B5B536F3DAB8}.Release|Any CPU.ActiveCfg = Release|Any CPU
		{F3D82B87-0C01-437B-A646-B5B536F3DAB8}.Release|Any CPU.Build.0 = Release|Any CPU
		{EC1B62FA-52F8-40DC-B590-2954F3C73DDD}.Debug|Any CPU.ActiveCfg = Debug|Any CPU
		{EC1B62FA-52F8-40DC-B590-2954F3C73DDD}.Debug|Any CPU.Build.0 = Debug|Any CPU
		{EC1B62FA-52F8-40DC-B590-2954F3C73DDD}.Release|Any CPU.ActiveCfg = Release|Any CPU
		{EC1B62FA-52F8-40DC-B590-2954F3C73DDD}.Release|Any CPU.Build.0 = Release|Any CPU
	EndGlobalSection
	GlobalSection(SolutionProperties) = preSolution
		HideSolutionNode = FALSE
	EndGlobalSection
EndGlobal
